# This file is automatically @generated by Cargo.
# It is not intended for manual editing.
version = 3

[[package]]
name = "casual"
version = "0.2.0"
source = "registry+https://github.com/rust-lang/crates.io-index"
checksum = "02bac00d171e78bbd71fe323666881647f18ce2a6c7460e9d1baddeefa3c3420"

[[package]]
name = "my-proj"
version = "0.1.0"
dependencies = [
 "casual",
]
